// !$*UTF8*$!
{
	archiveVersion = 1;
	classes = {
	};
	objectVersion = 46;
	objects = {

/* Begin PBXBuildFile section */
		B13D6807B8959C65B42A0445 /* Pods_KBPSocial.framework in Frameworks */ = {isa = PBXBuildFile; fileRef = 765995DDB2AF650F18C1434F /* Pods_KBPSocial.framework */; };
		E33C82931DFB53B800BAA7E9 /* PostCell.swift in Sources */ = {isa = PBXBuildFile; fileRef = E33C82921DFB53B800BAA7E9 /* PostCell.swift */; };
		E374AEB71DFA0AEB0021346A /* CustomUIView.swift in Sources */ = {isa = PBXBuildFile; fileRef = E374AEB61DFA0AEB0021346A /* CustomUIView.swift */; };
		E374AEBA1DFA0B850021346A /* Constants.swift in Sources */ = {isa = PBXBuildFile; fileRef = E374AEB91DFA0B850021346A /* Constants.swift */; };
		E374AEBC1DFA0DE90021346A /* CustomRoundUIButton.swift in Sources */ = {isa = PBXBuildFile; fileRef = E374AEBB1DFA0DE90021346A /* CustomRoundUIButton.swift */; };
		E374AEBE1DFA10DD0021346A /* CustomUITextField.swift in Sources */ = {isa = PBXBuildFile; fileRef = E374AEBD1DFA10DD0021346A /* CustomUITextField.swift */; };
		E374AEC01DFA12510021346A /* CustomSignInButton.swift in Sources */ = {isa = PBXBuildFile; fileRef = E374AEBF1DFA12510021346A /* CustomSignInButton.swift */; };
		E38D9DA91DF78EB3009C0E7F /* AppDelegate.swift in Sources */ = {isa = PBXBuildFile; fileRef = E38D9DA81DF78EB3009C0E7F /* AppDelegate.swift */; };
		E38D9DAB1DF78EB3009C0E7F /* SignInVC.swift in Sources */ = {isa = PBXBuildFile; fileRef = E38D9DAA1DF78EB3009C0E7F /* SignInVC.swift */; };
		E38D9DAE1DF78EB4009C0E7F /* Main.storyboard in Resources */ = {isa = PBXBuildFile; fileRef = E38D9DAC1DF78EB4009C0E7F /* Main.storyboard */; };
		E38D9DB01DF78EB4009C0E7F /* Assets.xcassets in Resources */ = {isa = PBXBuildFile; fileRef = E38D9DAF1DF78EB4009C0E7F /* Assets.xcassets */; };
		E38D9DB31DF78EB4009C0E7F /* LaunchScreen.storyboard in Resources */ = {isa = PBXBuildFile; fileRef = E38D9DB11DF78EB4009C0E7F /* LaunchScreen.storyboard */; };
		E38D9DBB1DF78F53009C0E7F /* GoogleService-Info.plist in Resources */ = {isa = PBXBuildFile; fileRef = E38D9DBA1DF78F53009C0E7F /* GoogleService-Info.plist */; };
		E39110771DFB3D2A0020B6CE /* CustomCircleView.swift in Sources */ = {isa = PBXBuildFile; fileRef = E39110761DFB3D2A0020B6CE /* CustomCircleView.swift */; };
		E3DBC1B81DFB1BAC0079712E /* FeedVC.swift in Sources */ = {isa = PBXBuildFile; fileRef = E3DBC1B71DFB1BAC0079712E /* FeedVC.swift */; };
/* End PBXBuildFile section */

/* Begin PBXFileReference section */
		68BEF792C44EEF9825B7627B /* Pods-KBPSocial.release.xcconfig */ = {isa = PBXFileReference; includeInIndex = 1; lastKnownFileType = text.xcconfig; name = "Pods-KBPSocial.release.xcconfig"; path = "Pods/Target Support Files/Pods-KBPSocial/Pods-KBPSocial.release.xcconfig"; sourceTree = "<group>"; };
		765995DDB2AF650F18C1434F /* Pods_KBPSocial.framework */ = {isa = PBXFileReference; explicitFileType = wrapper.framework; includeInIndex = 0; path = Pods_KBPSocial.framework; sourceTree = BUILT_PRODUCTS_DIR; };
		9CC7B1CBFBB456FA23338DB6 /* Pods-KBPSocial.debug.xcconfig */ = {isa = PBXFileReference; includeInIndex = 1; lastKnownFileType = text.xcconfig; name = "Pods-KBPSocial.debug.xcconfig"; path = "Pods/Target Support Files/Pods-KBPSocial/Pods-KBPSocial.debug.xcconfig"; sourceTree = "<group>"; };
		E33C82921DFB53B800BAA7E9 /* PostCell.swift */ = {isa = PBXFileReference; fileEncoding = 4; lastKnownFileType = sourcecode.swift; path = PostCell.swift; sourceTree = "<group>"; };
		E374AEB61DFA0AEB0021346A /* CustomUIView.swift */ = {isa = PBXFileReference; fileEncoding = 4; lastKnownFileType = sourcecode.swift; path = CustomUIView.swift; sourceTree = "<group>"; };
		E374AEB91DFA0B850021346A /* Constants.swift */ = {isa = PBXFileReference; fileEncoding = 4; lastKnownFileType = sourcecode.swift; path = Constants.swift; sourceTree = "<group>"; };
		E374AEBB1DFA0DE90021346A /* CustomRoundUIButton.swift */ = {isa = PBXFileReference; fileEncoding = 4; lastKnownFileType = sourcecode.swift; path = CustomRoundUIButton.swift; sourceTree = "<group>"; };
		E374AEBD1DFA10DD0021346A /* CustomUITextField.swift */ = {isa = PBXFileReference; fileEncoding = 4; lastKnownFileType = sourcecode.swift; path = CustomUITextField.swift; sourceTree = "<group>"; };
		E374AEBF1DFA12510021346A /* CustomSignInButton.swift */ = {isa = PBXFileReference; fileEncoding = 4; lastKnownFileType = sourcecode.swift; path = CustomSignInButton.swift; sourceTree = "<group>"; };
		E38D9DA51DF78EB3009C0E7F /* KBPSocial.app */ = {isa = PBXFileReference; explicitFileType = wrapper.application; includeInIndex = 0; path = KBPSocial.app; sourceTree = BUILT_PRODUCTS_DIR; };
		E38D9DA81DF78EB3009C0E7F /* AppDelegate.swift */ = {isa = PBXFileReference; lastKnownFileType = sourcecode.swift; path = AppDelegate.swift; sourceTree = "<group>"; };
		E38D9DAA1DF78EB3009C0E7F /* SignInVC.swift */ = {isa = PBXFileReference; lastKnownFileType = sourcecode.swift; path = SignInVC.swift; sourceTree = "<group>"; };
		E38D9DAD1DF78EB4009C0E7F /* Base */ = {isa = PBXFileReference; lastKnownFileType = file.storyboard; name = Base; path = Base.lproj/Main.storyboard; sourceTree = "<group>"; };
		E38D9DAF1DF78EB4009C0E7F /* Assets.xcassets */ = {isa = PBXFileReference; lastKnownFileType = folder.assetcatalog; path = Assets.xcassets; sourceTree = "<group>"; };
		E38D9DB21DF78EB4009C0E7F /* Base */ = {isa = PBXFileReference; lastKnownFileType = file.storyboard; name = Base; path = Base.lproj/LaunchScreen.storyboard; sourceTree = "<group>"; };
		E38D9DB41DF78EB4009C0E7F /* Info.plist */ = {isa = PBXFileReference; lastKnownFileType = text.plist.xml; path = Info.plist; sourceTree = "<group>"; };
		E38D9DBA1DF78F53009C0E7F /* GoogleService-Info.plist */ = {isa = PBXFileReference; fileEncoding = 4; lastKnownFileType = text.plist.xml; path = "GoogleService-Info.plist"; sourceTree = "<group>"; };
		E39110761DFB3D2A0020B6CE /* CustomCircleView.swift */ = {isa = PBXFileReference; fileEncoding = 4; lastKnownFileType = sourcecode.swift; path = CustomCircleView.swift; sourceTree = "<group>"; };
		E3DBC1B61DFB174D0079712E /* KBPSocial.entitlements */ = {isa = PBXFileReference; lastKnownFileType = text.plist.entitlements; path = KBPSocial.entitlements; sourceTree = "<group>"; };
		E3DBC1B71DFB1BAC0079712E /* FeedVC.swift */ = {isa = PBXFileReference; fileEncoding = 4; lastKnownFileType = sourcecode.swift; path = FeedVC.swift; sourceTree = "<group>"; };
/* End PBXFileReference section */

/* Begin PBXFrameworksBuildPhase section */
		E38D9DA21DF78EB3009C0E7F /* Frameworks */ = {
			isa = PBXFrameworksBuildPhase;
			buildActionMask = 2147483647;
			files = (
				B13D6807B8959C65B42A0445 /* Pods_KBPSocial.framework in Frameworks */,
			);
			runOnlyForDeploymentPostprocessing = 0;
		};
/* End PBXFrameworksBuildPhase section */

/* Begin PBXGroup section */
		4A989B9A4B8AF5FA9C1C7CCA /* Pods */ = {
			isa = PBXGroup;
			children = (
				9CC7B1CBFBB456FA23338DB6 /* Pods-KBPSocial.debug.xcconfig */,
				68BEF792C44EEF9825B7627B /* Pods-KBPSocial.release.xcconfig */,
			);
			name = Pods;
			sourceTree = "<group>";
		};
		67681D060FA60D9E39DA01C5 /* Frameworks */ = {
			isa = PBXGroup;
			children = (
				765995DDB2AF650F18C1434F /* Pods_KBPSocial.framework */,
			);
			name = Frameworks;
			sourceTree = "<group>";
		};
		E374AEB81DFA0B6D0021346A /* Utilities */ = {
			isa = PBXGroup;
			children = (
				E374AEB91DFA0B850021346A /* Constants.swift */,
			);
			name = Utilities;
			sourceTree = "<group>";
		};
		E38743831DF7913000193596 /* Controller */ = {
			isa = PBXGroup;
			children = (
				E38D9DAA1DF78EB3009C0E7F /* SignInVC.swift */,
				E3DBC1B71DFB1BAC0079712E /* FeedVC.swift */,
			);
			name = Controller;
			sourceTree = "<group>";
		};
		E38743841DF7913700193596 /* View */ = {
			isa = PBXGroup;
			children = (
				E374AEB61DFA0AEB0021346A /* CustomUIView.swift */,
				E374AEBB1DFA0DE90021346A /* CustomRoundUIButton.swift */,
				E374AEBD1DFA10DD0021346A /* CustomUITextField.swift */,
				E374AEBF1DFA12510021346A /* CustomSignInButton.swift */,
				E39110761DFB3D2A0020B6CE /* CustomCircleView.swift */,
				E33C82921DFB53B800BAA7E9 /* PostCell.swift */,
			);
			name = View;
			sourceTree = "<group>";
		};
		E38743851DF7913D00193596 /* Model */ = {
			isa = PBXGroup;
			children = (
			);
			name = Model;
			sourceTree = "<group>";
		};
		E38D9D9C1DF78EB3009C0E7F = {
			isa = PBXGroup;
			children = (
				E38D9DA71DF78EB3009C0E7F /* KBPSocial */,
				E38D9DA61DF78EB3009C0E7F /* Products */,
				4A989B9A4B8AF5FA9C1C7CCA /* Pods */,
				67681D060FA60D9E39DA01C5 /* Frameworks */,
			);
			sourceTree = "<group>";
		};
		E38D9DA61DF78EB3009C0E7F /* Products */ = {
			isa = PBXGroup;
			children = (
				E38D9DA51DF78EB3009C0E7F /* KBPSocial.app */,
			);
			name = Products;
			sourceTree = "<group>";
		};
		E38D9DA71DF78EB3009C0E7F /* KBPSocial */ = {
			isa = PBXGroup;
			children = (
				E3DBC1B61DFB174D0079712E /* KBPSocial.entitlements */,
				E374AEB81DFA0B6D0021346A /* Utilities */,
				E38743851DF7913D00193596 /* Model */,
				E38743841DF7913700193596 /* View */,
				E38743831DF7913000193596 /* Controller */,
				E38D9DA81DF78EB3009C0E7F /* AppDelegate.swift */,
				E38D9DAF1DF78EB4009C0E7F /* Assets.xcassets */,
				E38D9DB11DF78EB4009C0E7F /* LaunchScreen.storyboard */,
				E38D9DAC1DF78EB4009C0E7F /* Main.storyboard */,
				E38D9DB41DF78EB4009C0E7F /* Info.plist */,
				E38D9DBA1DF78F53009C0E7F /* GoogleService-Info.plist */,
			);
			path = KBPSocial;
			sourceTree = "<group>";
		};
/* End PBXGroup section */

/* Begin PBXNativeTarget section */
		E38D9DA41DF78EB3009C0E7F /* KBPSocial */ = {
			isa = PBXNativeTarget;
			buildConfigurationList = E38D9DB71DF78EB4009C0E7F /* Build configuration list for PBXNativeTarget "KBPSocial" */;
			buildPhases = (
				39628B9E94400A2FAA4A2002 /* [CP] Check Pods Manifest.lock */,
				E38D9DA11DF78EB3009C0E7F /* Sources */,
				E38D9DA21DF78EB3009C0E7F /* Frameworks */,
				E38D9DA31DF78EB3009C0E7F /* Resources */,
				7D1AFF3A139A88499479A877 /* [CP] Embed Pods Frameworks */,
				696CA10A6B2E9AAB68A68F3C /* [CP] Copy Pods Resources */,
			);
			buildRules = (
			);
			dependencies = (
			);
			name = KBPSocial;
			productName = KBPSocial;
			productReference = E38D9DA51DF78EB3009C0E7F /* KBPSocial.app */;
			productType = "com.apple.product-type.application";
		};
/* End PBXNativeTarget section */

/* Begin PBXProject section */
		E38D9D9D1DF78EB3009C0E7F /* Project object */ = {
			isa = PBXProject;
			attributes = {
				LastSwiftUpdateCheck = 0810;
				LastUpgradeCheck = 0810;
				ORGANIZATIONNAME = "Ken Porter";
				TargetAttributes = {
					E38D9DA41DF78EB3009C0E7F = {
						CreatedOnToolsVersion = 8.1;
						DevelopmentTeam = H7769TTHS5;
						ProvisioningStyle = Automatic;
						SystemCapabilities = {
							com.apple.Keychain = {
								enabled = 1;
							};
						};
					};
				};
			};
			buildConfigurationList = E38D9DA01DF78EB3009C0E7F /* Build configuration list for PBXProject "KBPSocial" */;
			compatibilityVersion = "Xcode 3.2";
			developmentRegion = English;
			hasScannedForEncodings = 0;
			knownRegions = (
				en,
				Base,
			);
			mainGroup = E38D9D9C1DF78EB3009C0E7F;
			productRefGroup = E38D9DA61DF78EB3009C0E7F /* Products */;
			projectDirPath = "";
			projectRoot = "";
			targets = (
				E38D9DA41DF78EB3009C0E7F /* KBPSocial */,
			);
		};
/* End PBXProject section */

/* Begin PBXResourcesBuildPhase section */
		E38D9DA31DF78EB3009C0E7F /* Resources */ = {
			isa = PBXResourcesBuildPhase;
			buildActionMask = 2147483647;
			files = (
				E38D9DB31DF78EB4009C0E7F /* LaunchScreen.storyboard in Resources */,
				E38D9DBB1DF78F53009C0E7F /* GoogleService-Info.plist in Resources */,
				E38D9DB01DF78EB4009C0E7F /* Assets.xcassets in Resources */,
				E38D9DAE1DF78EB4009C0E7F /* Main.storyboard in Resources */,
			);
			runOnlyForDeploymentPostprocessing = 0;
		};
/* End PBXResourcesBuildPhase section */

/* Begin PBXShellScriptBuildPhase section */
		39628B9E94400A2FAA4A2002 /* [CP] Check Pods Manifest.lock */ = {
			isa = PBXShellScriptBuildPhase;
			buildActionMask = 2147483647;
			files = (
			);
			inputPaths = (
			);
			name = "[CP] Check Pods Manifest.lock";
			outputPaths = (
			);
			runOnlyForDeploymentPostprocessing = 0;
			shellPath = /bin/sh;
			shellScript = "diff \"${PODS_ROOT}/../Podfile.lock\" \"${PODS_ROOT}/Manifest.lock\" > /dev/null\nif [ $? != 0 ] ; then\n    # print error to STDERR\n    echo \"error: The sandbox is not in sync with the Podfile.lock. Run 'pod install' or update your CocoaPods installation.\" >&2\n    exit 1\nfi\n";
			showEnvVarsInLog = 0;
		};
		696CA10A6B2E9AAB68A68F3C /* [CP] Copy Pods Resources */ = {
			isa = PBXShellScriptBuildPhase;
			buildActionMask = 2147483647;
			files = (
			);
			inputPaths = (
			);
			name = "[CP] Copy Pods Resources";
			outputPaths = (
			);
			runOnlyForDeploymentPostprocessing = 0;
			shellPath = /bin/sh;
			shellScript = "\"${SRCROOT}/Pods/Target Support Files/Pods-KBPSocial/Pods-KBPSocial-resources.sh\"\n";
			showEnvVarsInLog = 0;
		};
		7D1AFF3A139A88499479A877 /* [CP] Embed Pods Frameworks */ = {
			isa = PBXShellScriptBuildPhase;
			buildActionMask = 2147483647;
			files = (
			);
			inputPaths = (
			);
			name = "[CP] Embed Pods Frameworks";
			outputPaths = (
			);
			runOnlyForDeploymentPostprocessing = 0;
			shellPath = /bin/sh;
			shellScript = "\"${SRCROOT}/Pods/Target Support Files/Pods-KBPSocial/Pods-KBPSocial-frameworks.sh\"\n";
			showEnvVarsInLog = 0;
		};
/* End PBXShellScriptBuildPhase section */

/* Begin PBXSourcesBuildPhase section */
		E38D9DA11DF78EB3009C0E7F /* Sources */ = {
			isa = PBXSourcesBuildPhase;
			buildActionMask = 2147483647;
			files = (
				E374AEC01DFA12510021346A /* CustomSignInButton.swift in Sources */,
				E374AEBC1DFA0DE90021346A /* CustomRoundUIButton.swift in Sources */,
				E39110771DFB3D2A0020B6CE /* CustomCircleView.swift in Sources */,
				E374AEB71DFA0AEB0021346A /* CustomUIView.swift in Sources */,
				E38D9DAB1DF78EB3009C0E7F /* SignInVC.swift in Sources */,
				E3DBC1B81DFB1BAC0079712E /* FeedVC.swift in Sources */,
				E38D9DA91DF78EB3009C0E7F /* AppDelegate.swift in Sources */,
				E374AEBE1DFA10DD0021346A /* CustomUITextField.swift in Sources */,
				E374AEBA1DFA0B850021346A /* Constants.swift in Sources */,
				E33C82931DFB53B800BAA7E9 /* PostCell.swift in Sources */,
			);
			runOnlyForDeploymentPostprocessing = 0;
		};
/* End PBXSourcesBuildPhase section */

/* Begin PBXVariantGroup section */
		E38D9DAC1DF78EB4009C0E7F /* Main.storyboard */ = {
			isa = PBXVariantGroup;
			children = (
				E38D9DAD1DF78EB4009C0E7F /* Base */,
			);
			name = Main.storyboard;
			sourceTree = "<group>";
		};
		E38D9DB11DF78EB4009C0E7F /* LaunchScreen.storyboard */ = {
			isa = PBXVariantGroup;
			children = (
				E38D9DB21DF78EB4009C0E7F /* Base */,
			);
			name = LaunchScreen.storyboard;
			sourceTree = "<group>";
		};
/* End PBXVariantGroup section */

/* Begin XCBuildConfiguration section */
		E38D9DB51DF78EB4009C0E7F /* Debug */ = {
			isa = XCBuildConfiguration;
			buildSettings = {
				ALWAYS_SEARCH_USER_PATHS = NO;
				CLANG_ANALYZER_NONNULL = YES;
				CLANG_CXX_LANGUAGE_STANDARD = "gnu++0x";
				CLANG_CXX_LIBRARY = "libc++";
				CLANG_ENABLE_MODULES = YES;
				CLANG_ENABLE_OBJC_ARC = YES;
				CLANG_WARN_BOOL_CONVERSION = YES;
				CLANG_WARN_CONSTANT_CONVERSION = YES;
				CLANG_WARN_DIRECT_OBJC_ISA_USAGE = YES_ERROR;
				CLANG_WARN_DOCUMENTATION_COMMENTS = YES;
				CLANG_WARN_EMPTY_BODY = YES;
				CLANG_WARN_ENUM_CONVERSION = YES;
				CLANG_WARN_INFINITE_RECURSION = YES;
				CLANG_WARN_INT_CONVERSION = YES;
				CLANG_WARN_OBJC_ROOT_CLASS = YES_ERROR;
				CLANG_WARN_SUSPICIOUS_MOVE = YES;
				CLANG_WARN_SUSPICIOUS_MOVES = YES;
				CLANG_WARN_UNREACHABLE_CODE = YES;
				CLANG_WARN__DUPLICATE_METHOD_MATCH = YES;
				"CODE_SIGN_IDENTITY[sdk=iphoneos*]" = "iPhone Developer";
				COPY_PHASE_STRIP = NO;
				DEBUG_INFORMATION_FORMAT = dwarf;
				ENABLE_STRICT_OBJC_MSGSEND = YES;
				ENABLE_TESTABILITY = YES;
				GCC_C_LANGUAGE_STANDARD = gnu99;
				GCC_DYNAMIC_NO_PIC = NO;
				GCC_NO_COMMON_BLOCKS = YES;
				GCC_OPTIMIZATION_LEVEL = 0;
				GCC_PREPROCESSOR_DEFINITIONS = (
					"DEBUG=1",
					"$(inherited)",
				);
				GCC_WARN_64_TO_32_BIT_CONVERSION = YES;
				GCC_WARN_ABOUT_RETURN_TYPE = YES_ERROR;
				GCC_WARN_UNDECLARED_SELECTOR = YES;
				GCC_WARN_UNINITIALIZED_AUTOS = YES_AGGRESSIVE;
				GCC_WARN_UNUSED_FUNCTION = YES;
				GCC_WARN_UNUSED_VARIABLE = YES;
				IPHONEOS_DEPLOYMENT_TARGET = 10.1;
				MTL_ENABLE_DEBUG_INFO = YES;
				ONLY_ACTIVE_ARCH = YES;
				SDKROOT = iphoneos;
				SWIFT_ACTIVE_COMPILATION_CONDITIONS = DEBUG;
				SWIFT_OPTIMIZATION_LEVEL = "-Onone";
				TARGETED_DEVICE_FAMILY = "1,2";
			};
			name = Debug;
		};
		E38D9DB61DF78EB4009C0E7F /* Release */ = {
			isa = XCBuildConfiguration;
			buildSettings = {
				ALWAYS_SEARCH_USER_PATHS = NO;
				CLANG_ANALYZER_NONNULL = YES;
				CLANG_CXX_LANGUAGE_STANDARD = "gnu++0x";
				CLANG_CXX_LIBRARY = "libc++";
				CLANG_ENABLE_MODULES = YES;
				CLANG_ENABLE_OBJC_ARC = YES;
				CLANG_WARN_BOOL_CONVERSION = YES;
				CLANG_WARN_CONSTANT_CONVERSION = YES;
				CLANG_WARN_DIRECT_OBJC_ISA_USAGE = YES_ERROR;
				CLANG_WARN_DOCUMENTATION_COMMENTS = YES;
				CLANG_WARN_EMPTY_BODY = YES;
				CLANG_WARN_ENUM_CONVERSION = YES;
				CLANG_WARN_INFINITE_RECURSION = YES;
				CLANG_WARN_INT_CONVERSION = YES;
				CLANG_WARN_OBJC_ROOT_CLASS = YES_ERROR;
				CLANG_WARN_SUSPICIOUS_MOVE = YES;
				CLANG_WARN_SUSPICIOUS_MOVES = YES;
				CLANG_WARN_UNREACHABLE_CODE = YES;
				CLANG_WARN__DUPLICATE_METHOD_MATCH = YES;
				"CODE_SIGN_IDENTITY[sdk=iphoneos*]" = "iPhone Developer";
				COPY_PHASE_STRIP = NO;
				DEBUG_INFORMATION_FORMAT = "dwarf-with-dsym";
				ENABLE_NS_ASSERTIONS = NO;
				ENABLE_STRICT_OBJC_MSGSEND = YES;
				GCC_C_LANGUAGE_STANDARD = gnu99;
				GCC_NO_COMMON_BLOCKS = YES;
				GCC_WARN_64_TO_32_BIT_CONVERSION = YES;
				GCC_WARN_ABOUT_RETURN_TYPE = YES_ERROR;
				GCC_WARN_UNDECLARED_SELECTOR = YES;
				GCC_WARN_UNINITIALIZED_AUTOS = YES_AGGRESSIVE;
				GCC_WARN_UNUSED_FUNCTION = YES;
				GCC_WARN_UNUSED_VARIABLE = YES;
				IPHONEOS_DEPLOYMENT_TARGET = 10.1;
				MTL_ENABLE_DEBUG_INFO = NO;
				SDKROOT = iphoneos;
				SWIFT_OPTIMIZATION_LEVEL = "-Owholemodule";
				TARGETED_DEVICE_FAMILY = "1,2";
				VALIDATE_PRODUCT = YES;
			};
			name = Release;
		};
		E38D9DB81DF78EB4009C0E7F /* Debug */ = {
			isa = XCBuildConfiguration;
			baseConfigurationReference = 9CC7B1CBFBB456FA23338DB6 /* Pods-KBPSocial.debug.xcconfig */;
			buildSettings = {
				ALWAYS_EMBED_SWIFT_STANDARD_LIBRARIES = YES;
				ASSETCATALOG_COMPILER_APPICON_NAME = AppIcon;
				CODE_SIGN_ENTITLEMENTS = KBPSocial/KBPSocial.entitlements;
				DEVELOPMENT_TEAM = H7769TTHS5;
				INFOPLIST_FILE = KBPSocial/Info.plist;
				LD_RUNPATH_SEARCH_PATHS = "$(inherited) @executable_path/Frameworks";
				PRODUCT_BUNDLE_IDENTIFIER = com.kenbporter.KBPSocial;
				PRODUCT_NAME = "$(TARGET_NAME)";
				SWIFT_VERSION = 3.0;
			};
			name = Debug;
		};
		E38D9DB91DF78EB4009C0E7F /* Release */ = {
			isa = XCBuildConfiguration;
			baseConfigurationReference = 68BEF792C44EEF9825B7627B /* Pods-KBPSocial.release.xcconfig */;
			buildSettings = {
				ALWAYS_EMBED_SWIFT_STANDARD_LIBRARIES = YES;
				ASSETCATALOG_COMPILER_APPICON_NAME = AppIcon;
				CODE_SIGN_ENTITLEMENTS = KBPSocial/KBPSocial.entitlements;
				DEVELOPMENT_TEAM = H7769TTHS5;
				INFOPLIST_FILE = KBPSocial/Info.plist;
				LD_RUNPATH_SEARCH_PATHS = "$(inherited) @executable_path/Frameworks";
				PRODUCT_BUNDLE_IDENTIFIER = com.kenbporter.KBPSocial;
				PRODUCT_NAME = "$(TARGET_NAME)";
				SWIFT_VERSION = 3.0;
			};
			name = Release;
		};
/* End XCBuildConfiguration section */

/* Begin XCConfigurationList section */
		E38D9DA01DF78EB3009C0E7F /* Build configuration list for PBXProject "KBPSocial" */ = {
			isa = XCConfigurationList;
			buildConfigurations = (
				E38D9DB51DF78EB4009C0E7F /* Debug */,
				E38D9DB61DF78EB4009C0E7F /* Release */,
			);
			defaultConfigurationIsVisible = 0;
			defaultConfigurationName = Release;
		};
		E38D9DB71DF78EB4009C0E7F /* Build configuration list for PBXNativeTarget "KBPSocial" */ = {
			isa = XCConfigurationList;
			buildConfigurations = (
				E38D9DB81DF78EB4009C0E7F /* Debug */,
				E38D9DB91DF78EB4009C0E7F /* Release */,
			);
			defaultConfigurationIsVisible = 0;
			defaultConfigurationName = Release;
		};
/* End XCConfigurationList section */
	};
	rootObject = E38D9D9D1DF78EB3009C0E7F /* Project object */;
}
